
Microsoft Visual Studio Solution File, Format Version 12.00
# Visual Studio Version 16
VisualStudioVersion = 16.0.30907.101
MinimumVisualStudioVersion = 10.0.40219.1
Project("{8BC9CEB8-8B4A-11D0-8D11-00A0C91BC942}") = "DescensionPortedToTribesAscend", "DescensionPortedToTribesAscend.vcxproj", "{BF6C38EF-08F4-49DB-A32A-83EFB2107DFA}"
EndProject
Global
	GlobalSection(SolutionConfigurationPlatforms) = preSolution
		Debug|x64 = Debug|x64
		Debug|x86 = Debug|x86
		Release|x64 = Release|x64
		Release|x86 = Release|x86
	EndGlobalSection
	GlobalSection(ProjectConfigurationPlatforms) = postSolution
		{BF6C38EF-08F4-49DB-A32A-83EFB2107DFA}.Debug|x64.ActiveCfg = Debug|x64
		{BF6C38EF-08F4-49DB-A32A-83EFB2107DFA}.Debug|x64.Build.0 = Debug|x64
		{BF6C38EF-08F4-49DB-A32A-83EFB2107DFA}.Debug|x86.ActiveCfg = Debug|Win32
		{BF6C38EF-08F4-49DB-A32A-83EFB2107DFA}.Debug|x86.Build.0 = Debug|Win32
		{BF6C38EF-08F4-49DB-A32A-83EFB2107DFA}.Release|x64.ActiveCfg = Release|x64
		{BF6C38EF-08F4-49DB-A32A-83EFB2107DFA}.Release|x64.Build.0 = Release|x64
		{BF6C38EF-08F4-49DB-A32A-83EFB2107DFA}.Release|x86.ActiveCfg = Release|Win32
		{BF6C38EF-08F4-49DB-A32A-83EFB2107DFA}.Release|x86.Build.0 = Release|Win32
	EndGlobalSection
	GlobalSection(SolutionProperties) = preSolution
		HideSolutionNode = FALSE
	EndGlobalSection
	GlobalSection(ExtensibilityGlobals) = postSolution
		SolutionGuid = {F5C60335-8391-42E2-B145-B68FDC9AFAAC}
	EndGlobalSection
EndGlobal
